
Microsoft Visual Studio Solution File, Format Version 12.00
# Visual Studio Version 16
VisualStudioVersion = 16.0.30503.244
MinimumVisualStudioVersion = 10.0.40219.1
Project("{FAE04EC0-301F-11D3-BF4B-00C04F79EFBC}") = "Lab4", "Lab4\Lab4.csproj", "{2549225A-E92F-475D-B263-D2C693DC7141}"
EndProject
Global
	GlobalSection(SolutionConfigurationPlatforms) = preSolution
		Debug|Any CPU = Debug|Any CPU
		Release|Any CPU = Release|Any CPU
	EndGlobalSection
	GlobalSection(ProjectConfigurationPlatforms) = postSolution
		{2549225A-E92F-475D-B263-D2C693DC7141}.Debug|Any CPU.ActiveCfg = Debug|Any CPU
		{2549225A-E92F-475D-B263-D2C693DC7141}.Debug|Any CPU.Build.0 = Debug|Any CPU
		{2549225A-E92F-475D-B263-D2C693DC7141}.Release|Any CPU.ActiveCfg = Release|Any CPU
		{2549225A-E92F-475D-B263-D2C693DC7141}.Release|Any CPU.Build.0 = Release|Any CPU
	EndGlobalSection
	GlobalSection(SolutionProperties) = preSolution
		HideSolutionNode = FALSE
	EndGlobalSection
	GlobalSection(ExtensibilityGlobals) = postSolution
		SolutionGuid = {5C2D34AC-C82E-4FFC-9937-A2BFF931E09F}
	EndGlobalSection
EndGlobal
